# This file is automatically @generated by Poetry 1.8.2 and should not be changed by hand.

[[package]]
name = "kafka-python-ng"
version = "2.2.1"
description = "Pure Python client for Apache Kafka"
optional = false
python-versions = ">=3.8"
files = [
    {file = "kafka-python-ng-2.2.1.tar.gz", hash = "sha256:c00dcc2e5c21eacc57ec448eb0e470ac9928a267ed0dfb23ced1023a653d00b5"},
    {file = "kafka_python_ng-2.2.1-py2.py3-none-any.whl", hash = "sha256:95fe4c9108a2eea194c17e21255ab1a3ac6323145c725eb8e0caa0f8f15807cf"},
]

[package.extras]
boto = ["botocore"]
crc32c = ["crc32c"]
lz4 = ["lz4"]
snappy = ["python-snappy"]
zstd = ["zstandard"]

[metadata]
lock-version = "2.0"
python-versions = "^3.12"
content-hash = "3d0c83ff7625eb79ed25d031c59e39f6c900e817ef23aa20625bfef6cfc9ec2a"
